// !$*UTF8*$!
{
	archiveVersion = 1;
	classes = {
	};
	objectVersion = 55;
	objects = {

/* Begin PBXBuildFile section */
		1E27DBA62A1C5055B47B09FE /* libPods-Redbook.a in Frameworks */ = {isa = PBXBuildFile; fileRef = 51679409619D82802A4A79EF /* libPods-Redbook.a */; };
		799943A627FBEAF200418AF3 /* RedbookApp.swift in Sources */ = {isa = PBXBuildFile; fileRef = 799943A527FBEAF200418AF3 /* RedbookApp.swift */; };
		799943A827FBEAF200418AF3 /* ContentView.swift in Sources */ = {isa = PBXBuildFile; fileRef = 799943A727FBEAF200418AF3 /* ContentView.swift */; };
		799943AA27FBEAF300418AF3 /* Assets.xcassets in Resources */ = {isa = PBXBuildFile; fileRef = 799943A927FBEAF300418AF3 /* Assets.xcassets */; };
		799943AD27FBEAF300418AF3 /* Preview Assets.xcassets in Resources */ = {isa = PBXBuildFile; fileRef = 799943AC27FBEAF300418AF3 /* Preview Assets.xcassets */; };
		799943B527FBEC0300418AF3 /* MainPage.swift in Sources */ = {isa = PBXBuildFile; fileRef = 799943B427FBEC0300418AF3 /* MainPage.swift */; };
		799943B727FBEDBD00418AF3 /* FollowPage.swift in Sources */ = {isa = PBXBuildFile; fileRef = 799943B627FBEDBD00418AF3 /* FollowPage.swift */; };
		799943B927FBEDC700418AF3 /* ExplorePage.swift in Sources */ = {isa = PBXBuildFile; fileRef = 799943B827FBEDC700418AF3 /* ExplorePage.swift */; };
		799943BB27FBEDEA00418AF3 /* NearbyPage.swift in Sources */ = {isa = PBXBuildFile; fileRef = 799943BA27FBEDEA00418AF3 /* NearbyPage.swift */; };
		799943C027FBEE4600418AF3 /* RecommendPage.swift in Sources */ = {isa = PBXBuildFile; fileRef = 799943BF27FBEE4600418AF3 /* RecommendPage.swift */; };
		799943C327FBEF3F00418AF3 /* MainCollectionPage.swift in Sources */ = {isa = PBXBuildFile; fileRef = 799943C227FBEF3F00418AF3 /* MainCollectionPage.swift */; };
		799943C527FBF01C00418AF3 /* ShoppingPage.swift in Sources */ = {isa = PBXBuildFile; fileRef = 799943C427FBF01C00418AF3 /* ShoppingPage.swift */; };
		799943C727FBF07B00418AF3 /* addNewPage.swift in Sources */ = {isa = PBXBuildFile; fileRef = 799943C627FBF07B00418AF3 /* addNewPage.swift */; };
		799943C927FBF08600418AF3 /* MessagePage.swift in Sources */ = {isa = PBXBuildFile; fileRef = 799943C827FBF08600418AF3 /* MessagePage.swift */; };
		799943CB27FBF08E00418AF3 /* AboutMePage.swift in Sources */ = {isa = PBXBuildFile; fileRef = 799943CA27FBF08E00418AF3 /* AboutMePage.swift */; };
		79F1128627FC2C9F00957976 /* MainNavBarItem.swift in Sources */ = {isa = PBXBuildFile; fileRef = 79F1128527FC2C9F00957976 /* MainNavBarItem.swift */; };
		79F1128A27FC353B00957976 /* VideoPage.swift in Sources */ = {isa = PBXBuildFile; fileRef = 79F1128927FC353B00957976 /* VideoPage.swift */; };
		79F1128C27FC354F00957976 /* LivePage.swift in Sources */ = {isa = PBXBuildFile; fileRef = 79F1128B27FC354F00957976 /* LivePage.swift */; };
		79F1128E27FC355D00957976 /* FashionPage.swift in Sources */ = {isa = PBXBuildFile; fileRef = 79F1128D27FC355D00957976 /* FashionPage.swift */; };
		79F1129027FC356300957976 /* FoodPage.swift in Sources */ = {isa = PBXBuildFile; fileRef = 79F1128F27FC356300957976 /* FoodPage.swift */; };
		79F1129227FC3C7100957976 /* audioData.json in Resources */ = {isa = PBXBuildFile; fileRef = 79F1129127FC3C7100957976 /* audioData.json */; };
		79F1129527FC3E1100957976 /* FileInfo.swift in Sources */ = {isa = PBXBuildFile; fileRef = 79F1129427FC3E1100957976 /* FileInfo.swift */; };
		79F1129727FC3E1700957976 /* User.swift in Sources */ = {isa = PBXBuildFile; fileRef = 79F1129627FC3E1700957976 /* User.swift */; };
		79F1129A27FC3ED000957976 /* URLImageView.swift in Sources */ = {isa = PBXBuildFile; fileRef = 79F1129927FC3ED000957976 /* URLImageView.swift */; };
		79F1129D27FC3F0500957976 /* URLImageModel.swift in Sources */ = {isa = PBXBuildFile; fileRef = 79F1129C27FC3F0500957976 /* URLImageModel.swift */; };
		79F1129F27FC3F2200957976 /* ImageCache.swift in Sources */ = {isa = PBXBuildFile; fileRef = 79F1129E27FC3F2200957976 /* ImageCache.swift */; };
		79F112A127FC415300957976 /* ModelData.swift in Sources */ = {isa = PBXBuildFile; fileRef = 79F112A027FC415300957976 /* ModelData.swift */; };
		79F112A427FC457C00957976 /* FIleItem.swift in Sources */ = {isa = PBXBuildFile; fileRef = 79F112A327FC457C00957976 /* FIleItem.swift */; };
		79F112C9280150C700957976 /* InfoPlist.strings in Resources */ = {isa = PBXBuildFile; fileRef = 79F112CB280150C700957976 /* InfoPlist.strings */; };
		79F112CF280165E700957976 /* Localizable.strings in Resources */ = {isa = PBXBuildFile; fileRef = 79F112D1280165E700957976 /* Localizable.strings */; };
		79F112D42801691000957976 /* I18N.swift in Sources */ = {isa = PBXBuildFile; fileRef = 79F112D32801691000957976 /* I18N.swift */; };
/* End PBXBuildFile section */

/* Begin PBXFileReference section */
		51679409619D82802A4A79EF /* libPods-Redbook.a */ = {isa = PBXFileReference; explicitFileType = archive.ar; includeInIndex = 0; path = "libPods-Redbook.a"; sourceTree = BUILT_PRODUCTS_DIR; };
		55F4CA91D91FABB269F15976 /* Pods-Redbook.release.xcconfig */ = {isa = PBXFileReference; includeInIndex = 1; lastKnownFileType = text.xcconfig; name = "Pods-Redbook.release.xcconfig"; path = "Target Support Files/Pods-Redbook/Pods-Redbook.release.xcconfig"; sourceTree = "<group>"; };
		799943A227FBEAF200418AF3 /* Redbook.app */ = {isa = PBXFileReference; explicitFileType = wrapper.application; includeInIndex = 0; path = Redbook.app; sourceTree = BUILT_PRODUCTS_DIR; };
		799943A527FBEAF200418AF3 /* RedbookApp.swift */ = {isa = PBXFileReference; lastKnownFileType = sourcecode.swift; path = RedbookApp.swift; sourceTree = "<group>"; };
		799943A727FBEAF200418AF3 /* ContentView.swift */ = {isa = PBXFileReference; lastKnownFileType = sourcecode.swift; path = ContentView.swift; sourceTree = "<group>"; };
		799943A927FBEAF300418AF3 /* Assets.xcassets */ = {isa = PBXFileReference; lastKnownFileType = folder.assetcatalog; path = Assets.xcassets; sourceTree = "<group>"; };
		799943AC27FBEAF300418AF3 /* Preview Assets.xcassets */ = {isa = PBXFileReference; lastKnownFileType = folder.assetcatalog; path = "Preview Assets.xcassets"; sourceTree = "<group>"; };
		799943B427FBEC0300418AF3 /* MainPage.swift */ = {isa = PBXFileReference; lastKnownFileType = sourcecode.swift; path = MainPage.swift; sourceTree = "<group>"; };
		799943B627FBEDBD00418AF3 /* FollowPage.swift */ = {isa = PBXFileReference; lastKnownFileType = sourcecode.swift; path = FollowPage.swift; sourceTree = "<group>"; };
		799943B827FBEDC700418AF3 /* ExplorePage.swift */ = {isa = PBXFileReference; lastKnownFileType = sourcecode.swift; path = ExplorePage.swift; sourceTree = "<group>"; };
		799943BA27FBEDEA00418AF3 /* NearbyPage.swift */ = {isa = PBXFileReference; lastKnownFileType = sourcecode.swift; path = NearbyPage.swift; sourceTree = "<group>"; };
		799943BF27FBEE4600418AF3 /* RecommendPage.swift */ = {isa = PBXFileReference; lastKnownFileType = sourcecode.swift; path = RecommendPage.swift; sourceTree = "<group>"; };
		799943C227FBEF3F00418AF3 /* MainCollectionPage.swift */ = {isa = PBXFileReference; lastKnownFileType = sourcecode.swift; path = MainCollectionPage.swift; sourceTree = "<group>"; };
		799943C427FBF01C00418AF3 /* ShoppingPage.swift */ = {isa = PBXFileReference; lastKnownFileType = sourcecode.swift; path = ShoppingPage.swift; sourceTree = "<group>"; };
		799943C627FBF07B00418AF3 /* addNewPage.swift */ = {isa = PBXFileReference; lastKnownFileType = sourcecode.swift; path = addNewPage.swift; sourceTree = "<group>"; };
		799943C827FBF08600418AF3 /* MessagePage.swift */ = {isa = PBXFileReference; lastKnownFileType = sourcecode.swift; path = MessagePage.swift; sourceTree = "<group>"; };
		799943CA27FBF08E00418AF3 /* AboutMePage.swift */ = {isa = PBXFileReference; lastKnownFileType = sourcecode.swift; path = AboutMePage.swift; sourceTree = "<group>"; };
		79F1128527FC2C9F00957976 /* MainNavBarItem.swift */ = {isa = PBXFileReference; lastKnownFileType = sourcecode.swift; path = MainNavBarItem.swift; sourceTree = "<group>"; };
		79F1128927FC353B00957976 /* VideoPage.swift */ = {isa = PBXFileReference; lastKnownFileType = sourcecode.swift; path = VideoPage.swift; sourceTree = "<group>"; };
		79F1128B27FC354F00957976 /* LivePage.swift */ = {isa = PBXFileReference; lastKnownFileType = sourcecode.swift; path = LivePage.swift; sourceTree = "<group>"; };
		79F1128D27FC355D00957976 /* FashionPage.swift */ = {isa = PBXFileReference; lastKnownFileType = sourcecode.swift; path = FashionPage.swift; sourceTree = "<group>"; };
		79F1128F27FC356300957976 /* FoodPage.swift */ = {isa = PBXFileReference; lastKnownFileType = sourcecode.swift; path = FoodPage.swift; sourceTree = "<group>"; };
		79F1129127FC3C7100957976 /* audioData.json */ = {isa = PBXFileReference; lastKnownFileType = text.json; path = audioData.json; sourceTree = "<group>"; };
		79F1129427FC3E1100957976 /* FileInfo.swift */ = {isa = PBXFileReference; lastKnownFileType = sourcecode.swift; path = FileInfo.swift; sourceTree = "<group>"; };
		79F1129627FC3E1700957976 /* User.swift */ = {isa = PBXFileReference; lastKnownFileType = sourcecode.swift; path = User.swift; sourceTree = "<group>"; };
		79F1129927FC3ED000957976 /* URLImageView.swift */ = {isa = PBXFileReference; lastKnownFileType = sourcecode.swift; path = URLImageView.swift; sourceTree = "<group>"; };
		79F1129C27FC3F0500957976 /* URLImageModel.swift */ = {isa = PBXFileReference; lastKnownFileType = sourcecode.swift; path = URLImageModel.swift; sourceTree = "<group>"; };
		79F1129E27FC3F2200957976 /* ImageCache.swift */ = {isa = PBXFileReference; lastKnownFileType = sourcecode.swift; path = ImageCache.swift; sourceTree = "<group>"; };
		79F112A027FC415300957976 /* ModelData.swift */ = {isa = PBXFileReference; lastKnownFileType = sourcecode.swift; path = ModelData.swift; sourceTree = "<group>"; };
		79F112A327FC457C00957976 /* FIleItem.swift */ = {isa = PBXFileReference; lastKnownFileType = sourcecode.swift; path = FIleItem.swift; sourceTree = "<group>"; };
		79F112C227FC788500957976 /* Info.plist */ = {isa = PBXFileReference; lastKnownFileType = text.plist; path = Info.plist; sourceTree = "<group>"; };
		79F112CA280150C700957976 /* en */ = {isa = PBXFileReference; lastKnownFileType = text.plist.strings; name = en; path = en.lproj/InfoPlist.strings; sourceTree = "<group>"; };
		79F112CC280150CC00957976 /* zh-Hans */ = {isa = PBXFileReference; lastKnownFileType = text.plist.strings; name = "zh-Hans"; path = "zh-Hans.lproj/InfoPlist.strings"; sourceTree = "<group>"; };
		79F112D0280165E700957976 /* en */ = {isa = PBXFileReference; lastKnownFileType = text.plist.strings; name = en; path = en.lproj/Localizable.strings; sourceTree = "<group>"; };
		79F112D2280165EC00957976 /* zh-Hans */ = {isa = PBXFileReference; lastKnownFileType = text.plist.strings; name = "zh-Hans"; path = "zh-Hans.lproj/Localizable.strings"; sourceTree = "<group>"; };
		79F112D32801691000957976 /* I18N.swift */ = {isa = PBXFileReference; lastKnownFileType = sourcecode.swift; path = I18N.swift; sourceTree = "<group>"; };
		7B669D66F5EE23212340CE00 /* Pods-Redbook.debug.xcconfig */ = {isa = PBXFileReference; includeInIndex = 1; lastKnownFileType = text.xcconfig; name = "Pods-Redbook.debug.xcconfig"; path = "Target Support Files/Pods-Redbook/Pods-Redbook.debug.xcconfig"; sourceTree = "<group>"; };
/* End PBXFileReference section */

/* Begin PBXFrameworksBuildPhase section */
		7999439F27FBEAF200418AF3 /* Frameworks */ = {
			isa = PBXFrameworksBuildPhase;
			buildActionMask = 2147483647;
			files = (
				1E27DBA62A1C5055B47B09FE /* libPods-Redbook.a in Frameworks */,
			);
			runOnlyForDeploymentPostprocessing = 0;
		};
/* End PBXFrameworksBuildPhase section */

/* Begin PBXGroup section */
		7999439927FBEAF200418AF3 = {
			isa = PBXGroup;
			children = (
				79F112D1280165E700957976 /* Localizable.strings */,
				79F112CB280150C700957976 /* InfoPlist.strings */,
				799943A427FBEAF200418AF3 /* Redbook */,
				799943A327FBEAF200418AF3 /* Products */,
				FB43EEAEF3680DA94502469A /* Pods */,
				D8402BF90F992E1400BE3B17 /* Frameworks */,
			);
			sourceTree = "<group>";
		};
		799943A327FBEAF200418AF3 /* Products */ = {
			isa = PBXGroup;
			children = (
				799943A227FBEAF200418AF3 /* Redbook.app */,
			);
			name = Products;
			sourceTree = "<group>";
		};
		799943A427FBEAF200418AF3 /* Redbook */ = {
			isa = PBXGroup;
			children = (
				79F112C3280149DB00957976 /* images */,
				79F112C227FC788500957976 /* Info.plist */,
				799943A527FBEAF200418AF3 /* RedbookApp.swift */,
				799943B327FBEBE100418AF3 /* Views */,
				799943A927FBEAF300418AF3 /* Assets.xcassets */,
				79F1129827FC3EB300957976 /* Helplers */,
				79F1129327FC3DF000957976 /* Model */,
				79F1128027FC2B3000957976 /* Resources */,
				799943AB27FBEAF300418AF3 /* Preview Content */,
			);
			path = Redbook;
			sourceTree = "<group>";
		};
		799943AB27FBEAF300418AF3 /* Preview Content */ = {
			isa = PBXGroup;
			children = (
				799943AC27FBEAF300418AF3 /* Preview Assets.xcassets */,
			);
			path = "Preview Content";
			sourceTree = "<group>";
		};
		799943B327FBEBE100418AF3 /* Views */ = {
			isa = PBXGroup;
			children = (
				799943A727FBEAF200418AF3 /* ContentView.swift */,
				799943C227FBEF3F00418AF3 /* MainCollectionPage.swift */,
				799943CC27FBF49E00418AF3 /* main */,
				799943C427FBF01C00418AF3 /* ShoppingPage.swift */,
				799943C627FBF07B00418AF3 /* addNewPage.swift */,
				799943C827FBF08600418AF3 /* MessagePage.swift */,
				799943CA27FBF08E00418AF3 /* AboutMePage.swift */,
			);
			path = Views;
			sourceTree = "<group>";
		};
		799943BC27FBEE1400418AF3 /* follow */ = {
			isa = PBXGroup;
			children = (
				799943B627FBEDBD00418AF3 /* FollowPage.swift */,
			);
			path = follow;
			sourceTree = "<group>";
		};
		799943BD27FBEE2000418AF3 /* explore */ = {
			isa = PBXGroup;
			children = (
				799943B827FBEDC700418AF3 /* ExplorePage.swift */,
				799943C127FBEE7C00418AF3 /* recommend */,
				79F1128927FC353B00957976 /* VideoPage.swift */,
				79F1128B27FC354F00957976 /* LivePage.swift */,
				79F1128D27FC355D00957976 /* FashionPage.swift */,
				79F1128F27FC356300957976 /* FoodPage.swift */,
			);
			path = explore;
			sourceTree = "<group>";
		};
		799943BE27FBEE2900418AF3 /* nearby */ = {
			isa = PBXGroup;
			children = (
				799943BA27FBEDEA00418AF3 /* NearbyPage.swift */,
			);
			path = nearby;
			sourceTree = "<group>";
		};
		799943C127FBEE7C00418AF3 /* recommend */ = {
			isa = PBXGroup;
			children = (
				799943BF27FBEE4600418AF3 /* RecommendPage.swift */,
			);
			path = recommend;
			sourceTree = "<group>";
		};
		799943CC27FBF49E00418AF3 /* main */ = {
			isa = PBXGroup;
			children = (
				799943B427FBEC0300418AF3 /* MainPage.swift */,
				79F1128527FC2C9F00957976 /* MainNavBarItem.swift */,
				799943BC27FBEE1400418AF3 /* follow */,
				799943BD27FBEE2000418AF3 /* explore */,
				799943BE27FBEE2900418AF3 /* nearby */,
			);
			path = main;
			sourceTree = "<group>";
		};
		79F1128027FC2B3000957976 /* Resources */ = {
			isa = PBXGroup;
			children = (
				79F1129127FC3C7100957976 /* audioData.json */,
			);
			path = Resources;
			sourceTree = "<group>";
		};
		79F1129327FC3DF000957976 /* Model */ = {
			isa = PBXGroup;
			children = (
				79F1129427FC3E1100957976 /* FileInfo.swift */,
				79F1129627FC3E1700957976 /* User.swift */,
				79F112A027FC415300957976 /* ModelData.swift */,
			);
			path = Model;
			sourceTree = "<group>";
		};
		79F1129827FC3EB300957976 /* Helplers */ = {
			isa = PBXGroup;
			children = (
				79F112A227FC454E00957976 /* fileItem */,
				79F1129B27FC3EDD00957976 /* URLImage */,
				79F112D32801691000957976 /* I18N.swift */,
			);
			path = Helplers;
			sourceTree = "<group>";
		};
		79F1129B27FC3EDD00957976 /* URLImage */ = {
			isa = PBXGroup;
			children = (
				79F1129927FC3ED000957976 /* URLImageView.swift */,
				79F1129C27FC3F0500957976 /* URLImageModel.swift */,
				79F1129E27FC3F2200957976 /* ImageCache.swift */,
			);
			path = URLImage;
			sourceTree = "<group>";
		};
		79F112A227FC454E00957976 /* fileItem */ = {
			isa = PBXGroup;
			children = (
				79F112A327FC457C00957976 /* FIleItem.swift */,
			);
			path = fileItem;
			sourceTree = "<group>";
		};
		79F112C3280149DB00957976 /* images */ = {
			isa = PBXGroup;
			children = (
				79F112C4280149E400957976 /* recommend */,
			);
			path = images;
			sourceTree = "<group>";
		};
		79F112C4280149E400957976 /* recommend */ = {
			isa = PBXGroup;
			children = (
			);
			path = recommend;
			sourceTree = "<group>";
		};
		D8402BF90F992E1400BE3B17 /* Frameworks */ = {
			isa = PBXGroup;
			children = (
				51679409619D82802A4A79EF /* libPods-Redbook.a */,
			);
			name = Frameworks;
			sourceTree = "<group>";
		};
		FB43EEAEF3680DA94502469A /* Pods */ = {
			isa = PBXGroup;
			children = (
				7B669D66F5EE23212340CE00 /* Pods-Redbook.debug.xcconfig */,
				55F4CA91D91FABB269F15976 /* Pods-Redbook.release.xcconfig */,
			);
			name = Pods;
			path = Pods;
			sourceTree = "<group>";
		};
/* End PBXGroup section */

/* Begin PBXNativeTarget section */
		799943A127FBEAF200418AF3 /* Redbook */ = {
			isa = PBXNativeTarget;
			buildConfigurationList = 799943B027FBEAF300418AF3 /* Build configuration list for PBXNativeTarget "Redbook" */;
			buildPhases = (
				B0291534E72CB64B6902B9A8 /* [CP] Check Pods Manifest.lock */,
				7999439E27FBEAF200418AF3 /* Sources */,
				7999439F27FBEAF200418AF3 /* Frameworks */,
				799943A027FBEAF200418AF3 /* Resources */,
			);
			buildRules = (
			);
			dependencies = (
			);
			name = Redbook;
			productName = Redbook;
			productReference = 799943A227FBEAF200418AF3 /* Redbook.app */;
			productType = "com.apple.product-type.application";
		};
/* End PBXNativeTarget section */

/* Begin PBXProject section */
		7999439A27FBEAF200418AF3 /* Project object */ = {
			isa = PBXProject;
			attributes = {
				BuildIndependentTargetsInParallel = 1;
				LastSwiftUpdateCheck = 1320;
				LastUpgradeCheck = 1320;
				TargetAttributes = {
					799943A127FBEAF200418AF3 = {
						CreatedOnToolsVersion = 13.2.1;
					};
				};
			};
			buildConfigurationList = 7999439D27FBEAF200418AF3 /* Build configuration list for PBXProject "Redbook" */;
			compatibilityVersion = "Xcode 13.0";
			developmentRegion = en;
			hasScannedForEncodings = 0;
			knownRegions = (
				en,
				Base,
				"zh-Hans",
			);
			mainGroup = 7999439927FBEAF200418AF3;
			productRefGroup = 799943A327FBEAF200418AF3 /* Products */;
			projectDirPath = "";
			projectRoot = "";
			targets = (
				799943A127FBEAF200418AF3 /* Redbook */,
			);
		};
/* End PBXProject section */

/* Begin PBXResourcesBuildPhase section */
		799943A027FBEAF200418AF3 /* Resources */ = {
			isa = PBXResourcesBuildPhase;
			buildActionMask = 2147483647;
			files = (
				79F112CF280165E700957976 /* Localizable.strings in Resources */,
				79F1129227FC3C7100957976 /* audioData.json in Resources */,
				79F112C9280150C700957976 /* InfoPlist.strings in Resources */,
				799943AD27FBEAF300418AF3 /* Preview Assets.xcassets in Resources */,
				799943AA27FBEAF300418AF3 /* Assets.xcassets in Resources */,
			);
			runOnlyForDeploymentPostprocessing = 0;
		};
/* End PBXResourcesBuildPhase section */

/* Begin PBXShellScriptBuildPhase section */
		B0291534E72CB64B6902B9A8 /* [CP] Check Pods Manifest.lock */ = {
			isa = PBXShellScriptBuildPhase;
			buildActionMask = 2147483647;
			files = (
			);
			inputFileListPaths = (
			);
			inputPaths = (
				"${PODS_PODFILE_DIR_PATH}/Podfile.lock",
				"${PODS_ROOT}/Manifest.lock",
			);
			name = "[CP] Check Pods Manifest.lock";
			outputFileListPaths = (
			);
			outputPaths = (
				"$(DERIVED_FILE_DIR)/Pods-Redbook-checkManifestLockResult.txt",
			);
			runOnlyForDeploymentPostprocessing = 0;
			shellPath = /bin/sh;
			shellScript = "diff \"${PODS_PODFILE_DIR_PATH}/Podfile.lock\" \"${PODS_ROOT}/Manifest.lock\" > /dev/null\nif [ $? != 0 ] ; then\n    # print error to STDERR\n    echo \"error: The sandbox is not in sync with the Podfile.lock. Run 'pod install' or update your CocoaPods installation.\" >&2\n    exit 1\nfi\n# This output is used by Xcode 'outputs' to avoid re-running this script phase.\necho \"SUCCESS\" > \"${SCRIPT_OUTPUT_FILE_0}\"\n";
			showEnvVarsInLog = 0;
		};
/* End PBXShellScriptBuildPhase section */

/* Begin PBXSourcesBuildPhase section */
		7999439E27FBEAF200418AF3 /* Sources */ = {
			isa = PBXSourcesBuildPhase;
			buildActionMask = 2147483647;
			files = (
				79F112A427FC457C00957976 /* FIleItem.swift in Sources */,
				79F1129F27FC3F2200957976 /* ImageCache.swift in Sources */,
				799943A827FBEAF200418AF3 /* ContentView.swift in Sources */,
				79F1128E27FC355D00957976 /* FashionPage.swift in Sources */,
				799943C727FBF07B00418AF3 /* addNewPage.swift in Sources */,
				79F112A127FC415300957976 /* ModelData.swift in Sources */,
				799943C327FBEF3F00418AF3 /* MainCollectionPage.swift in Sources */,
				799943A627FBEAF200418AF3 /* RedbookApp.swift in Sources */,
				799943C927FBF08600418AF3 /* MessagePage.swift in Sources */,
				799943B527FBEC0300418AF3 /* MainPage.swift in Sources */,
				79F1129027FC356300957976 /* FoodPage.swift in Sources */,
				79F1128A27FC353B00957976 /* VideoPage.swift in Sources */,
				799943B927FBEDC700418AF3 /* ExplorePage.swift in Sources */,
				79F1128627FC2C9F00957976 /* MainNavBarItem.swift in Sources */,
				79F112D42801691000957976 /* I18N.swift in Sources */,
				799943C527FBF01C00418AF3 /* ShoppingPage.swift in Sources */,
				799943C027FBEE4600418AF3 /* RecommendPage.swift in Sources */,
				79F1129D27FC3F0500957976 /* URLImageModel.swift in Sources */,
				799943B727FBEDBD00418AF3 /* FollowPage.swift in Sources */,
				799943CB27FBF08E00418AF3 /* AboutMePage.swift in Sources */,
				79F1129527FC3E1100957976 /* FileInfo.swift in Sources */,
				79F1128C27FC354F00957976 /* LivePage.swift in Sources */,
				799943BB27FBEDEA00418AF3 /* NearbyPage.swift in Sources */,
				79F1129A27FC3ED000957976 /* URLImageView.swift in Sources */,
				79F1129727FC3E1700957976 /* User.swift in Sources */,
			);
			runOnlyForDeploymentPostprocessing = 0;
		};
/* End PBXSourcesBuildPhase section */

/* Begin PBXVariantGroup section */
		79F112CB280150C700957976 /* InfoPlist.strings */ = {
			isa = PBXVariantGroup;
			children = (
				79F112CA280150C700957976 /* en */,
				79F112CC280150CC00957976 /* zh-Hans */,
			);
			name = InfoPlist.strings;
			sourceTree = "<group>";
		};
		79F112D1280165E700957976 /* Localizable.strings */ = {
			isa = PBXVariantGroup;
			children = (
				79F112D0280165E700957976 /* en */,
				79F112D2280165EC00957976 /* zh-Hans */,
			);
			name = Localizable.strings;
			sourceTree = "<group>";
		};
/* End PBXVariantGroup section */

/* Begin XCBuildConfiguration section */
		799943AE27FBEAF300418AF3 /* Debug */ = {
			isa = XCBuildConfiguration;
			buildSettings = {
				ALWAYS_SEARCH_USER_PATHS = NO;
				CLANG_ANALYZER_NONNULL = YES;
				CLANG_ANALYZER_NUMBER_OBJECT_CONVERSION = YES_AGGRESSIVE;
				CLANG_CXX_LANGUAGE_STANDARD = "gnu++17";
				CLANG_CXX_LIBRARY = "libc++";
				CLANG_ENABLE_MODULES = YES;
				CLANG_ENABLE_OBJC_ARC = YES;
				CLANG_ENABLE_OBJC_WEAK = YES;
				CLANG_WARN_BLOCK_CAPTURE_AUTORELEASING = YES;
				CLANG_WARN_BOOL_CONVERSION = YES;
				CLANG_WARN_COMMA = YES;
				CLANG_WARN_CONSTANT_CONVERSION = YES;
				CLANG_WARN_DEPRECATED_OBJC_IMPLEMENTATIONS = YES;
				CLANG_WARN_DIRECT_OBJC_ISA_USAGE = YES_ERROR;
				CLANG_WARN_DOCUMENTATION_COMMENTS = YES;
				CLANG_WARN_EMPTY_BODY = YES;
				CLANG_WARN_ENUM_CONVERSION = YES;
				CLANG_WARN_INFINITE_RECURSION = YES;
				CLANG_WARN_INT_CONVERSION = YES;
				CLANG_WARN_NON_LITERAL_NULL_CONVERSION = YES;
				CLANG_WARN_OBJC_IMPLICIT_RETAIN_SELF = YES;
				CLANG_WARN_OBJC_LITERAL_CONVERSION = YES;
				CLANG_WARN_OBJC_ROOT_CLASS = YES_ERROR;
				CLANG_WARN_QUOTED_INCLUDE_IN_FRAMEWORK_HEADER = YES;
				CLANG_WARN_RANGE_LOOP_ANALYSIS = YES;
				CLANG_WARN_STRICT_PROTOTYPES = YES;
				CLANG_WARN_SUSPICIOUS_MOVE = YES;
				CLANG_WARN_UNGUARDED_AVAILABILITY = YES_AGGRESSIVE;
				CLANG_WARN_UNREACHABLE_CODE = YES;
				CLANG_WARN__DUPLICATE_METHOD_MATCH = YES;
				COPY_PHASE_STRIP = NO;
				DEBUG_INFORMATION_FORMAT = dwarf;
				ENABLE_STRICT_OBJC_MSGSEND = YES;
				ENABLE_TESTABILITY = YES;
				GCC_C_LANGUAGE_STANDARD = gnu11;
				GCC_DYNAMIC_NO_PIC = NO;
				GCC_NO_COMMON_BLOCKS = YES;
				GCC_OPTIMIZATION_LEVEL = 0;
				GCC_PREPROCESSOR_DEFINITIONS = (
					"DEBUG=1",
					"$(inherited)",
				);
				GCC_WARN_64_TO_32_BIT_CONVERSION = YES;
				GCC_WARN_ABOUT_RETURN_TYPE = YES_ERROR;
				GCC_WARN_UNDECLARED_SELECTOR = YES;
				GCC_WARN_UNINITIALIZED_AUTOS = YES_AGGRESSIVE;
				GCC_WARN_UNUSED_FUNCTION = YES;
				GCC_WARN_UNUSED_VARIABLE = YES;
				IPHONEOS_DEPLOYMENT_TARGET = 15.2;
				MTL_ENABLE_DEBUG_INFO = INCLUDE_SOURCE;
				MTL_FAST_MATH = YES;
				ONLY_ACTIVE_ARCH = YES;
				SDKROOT = iphoneos;
				SWIFT_ACTIVE_COMPILATION_CONDITIONS = DEBUG;
				SWIFT_OPTIMIZATION_LEVEL = "-Onone";
			};
			name = Debug;
		};
		799943AF27FBEAF300418AF3 /* Release */ = {
			isa = XCBuildConfiguration;
			buildSettings = {
				ALWAYS_SEARCH_USER_PATHS = NO;
				CLANG_ANALYZER_NONNULL = YES;
				CLANG_ANALYZER_NUMBER_OBJECT_CONVERSION = YES_AGGRESSIVE;
				CLANG_CXX_LANGUAGE_STANDARD = "gnu++17";
				CLANG_CXX_LIBRARY = "libc++";
				CLANG_ENABLE_MODULES = YES;
				CLANG_ENABLE_OBJC_ARC = YES;
				CLANG_ENABLE_OBJC_WEAK = YES;
				CLANG_WARN_BLOCK_CAPTURE_AUTORELEASING = YES;
				CLANG_WARN_BOOL_CONVERSION = YES;
				CLANG_WARN_COMMA = YES;
				CLANG_WARN_CONSTANT_CONVERSION = YES;
				CLANG_WARN_DEPRECATED_OBJC_IMPLEMENTATIONS = YES;
				CLANG_WARN_DIRECT_OBJC_ISA_USAGE = YES_ERROR;
				CLANG_WARN_DOCUMENTATION_COMMENTS = YES;
				CLANG_WARN_EMPTY_BODY = YES;
				CLANG_WARN_ENUM_CONVERSION = YES;
				CLANG_WARN_INFINITE_RECURSION = YES;
				CLANG_WARN_INT_CONVERSION = YES;
				CLANG_WARN_NON_LITERAL_NULL_CONVERSION = YES;
				CLANG_WARN_OBJC_IMPLICIT_RETAIN_SELF = YES;
				CLANG_WARN_OBJC_LITERAL_CONVERSION = YES;
				CLANG_WARN_OBJC_ROOT_CLASS = YES_ERROR;
				CLANG_WARN_QUOTED_INCLUDE_IN_FRAMEWORK_HEADER = YES;
				CLANG_WARN_RANGE_LOOP_ANALYSIS = YES;
				CLANG_WARN_STRICT_PROTOTYPES = YES;
				CLANG_WARN_SUSPICIOUS_MOVE = YES;
				CLANG_WARN_UNGUARDED_AVAILABILITY = YES_AGGRESSIVE;
				CLANG_WARN_UNREACHABLE_CODE = YES;
				CLANG_WARN__DUPLICATE_METHOD_MATCH = YES;
				COPY_PHASE_STRIP = NO;
				DEBUG_INFORMATION_FORMAT = "dwarf-with-dsym";
				ENABLE_NS_ASSERTIONS = NO;
				ENABLE_STRICT_OBJC_MSGSEND = YES;
				GCC_C_LANGUAGE_STANDARD = gnu11;
				GCC_NO_COMMON_BLOCKS = YES;
				GCC_WARN_64_TO_32_BIT_CONVERSION = YES;
				GCC_WARN_ABOUT_RETURN_TYPE = YES_ERROR;
				GCC_WARN_UNDECLARED_SELECTOR = YES;
				GCC_WARN_UNINITIALIZED_AUTOS = YES_AGGRESSIVE;
				GCC_WARN_UNUSED_FUNCTION = YES;
				GCC_WARN_UNUSED_VARIABLE = YES;
				IPHONEOS_DEPLOYMENT_TARGET = 15.2;
				MTL_ENABLE_DEBUG_INFO = NO;
				MTL_FAST_MATH = YES;
				SDKROOT = iphoneos;
				SWIFT_COMPILATION_MODE = wholemodule;
				SWIFT_OPTIMIZATION_LEVEL = "-O";
				VALIDATE_PRODUCT = YES;
			};
			name = Release;
		};
		799943B127FBEAF300418AF3 /* Debug */ = {
			isa = XCBuildConfiguration;
			baseConfigurationReference = 7B669D66F5EE23212340CE00 /* Pods-Redbook.debug.xcconfig */;
			buildSettings = {
				ASSETCATALOG_COMPILER_APPICON_NAME = AppIcon;
				ASSETCATALOG_COMPILER_GLOBAL_ACCENT_COLOR_NAME = AccentColor;
				CODE_SIGN_STYLE = Automatic;
				CURRENT_PROJECT_VERSION = 1;
				DEVELOPMENT_ASSET_PATHS = "\"Redbook/Preview Content\"";
				DEVELOPMENT_TEAM = 2QTK5HPG42;
				ENABLE_PREVIEWS = YES;
				GENERATE_INFOPLIST_FILE = YES;
				INFOPLIST_FILE = Redbook/Info.plist;
				INFOPLIST_KEY_CFBundleDisplayName = "测试";
				INFOPLIST_KEY_UIApplicationSceneManifest_Generation = YES;
				INFOPLIST_KEY_UIApplicationSupportsIndirectInputEvents = YES;
				INFOPLIST_KEY_UILaunchScreen_Generation = YES;
				INFOPLIST_KEY_UISupportedInterfaceOrientations_iPad = "UIInterfaceOrientationPortrait UIInterfaceOrientationPortraitUpsideDown UIInterfaceOrientationLandscapeLeft UIInterfaceOrientationLandscapeRight";
				INFOPLIST_KEY_UISupportedInterfaceOrientations_iPhone = "UIInterfaceOrientationPortrait UIInterfaceOrientationLandscapeLeft UIInterfaceOrientationLandscapeRight";
				LD_RUNPATH_SEARCH_PATHS = (
					"$(inherited)",
					"@executable_path/Frameworks",
				);
				MARKETING_VERSION = 1.0;
				PRODUCT_BUNDLE_IDENTIFIER = com.yl.Redbook;
				PRODUCT_NAME = "$(TARGET_NAME)";
				SWIFT_EMIT_LOC_STRINGS = YES;
				SWIFT_VERSION = 5.0;
				TARGETED_DEVICE_FAMILY = "1,2";
			};
			name = Debug;
		};
		799943B227FBEAF300418AF3 /* Release */ = {
			isa = XCBuildConfiguration;
			baseConfigurationReference = 55F4CA91D91FABB269F15976 /* Pods-Redbook.release.xcconfig */;
			buildSettings = {
				ASSETCATALOG_COMPILER_APPICON_NAME = AppIcon;
				ASSETCATALOG_COMPILER_GLOBAL_ACCENT_COLOR_NAME = AccentColor;
				CODE_SIGN_STYLE = Automatic;
				CURRENT_PROJECT_VERSION = 1;
				DEVELOPMENT_ASSET_PATHS = "\"Redbook/Preview Content\"";
				DEVELOPMENT_TEAM = 2QTK5HPG42;
				ENABLE_PREVIEWS = YES;
				GENERATE_INFOPLIST_FILE = YES;
				INFOPLIST_FILE = Redbook/Info.plist;
				INFOPLIST_KEY_CFBundleDisplayName = "测试";
				INFOPLIST_KEY_UIApplicationSceneManifest_Generation = YES;
				INFOPLIST_KEY_UIApplicationSupportsIndirectInputEvents = YES;
				INFOPLIST_KEY_UILaunchScreen_Generation = YES;
				INFOPLIST_KEY_UISupportedInterfaceOrientations_iPad = "UIInterfaceOrientationPortrait UIInterfaceOrientationPortraitUpsideDown UIInterfaceOrientationLandscapeLeft UIInterfaceOrientationLandscapeRight";
				INFOPLIST_KEY_UISupportedInterfaceOrientations_iPhone = "UIInterfaceOrientationPortrait UIInterfaceOrientationLandscapeLeft UIInterfaceOrientationLandscapeRight";
				LD_RUNPATH_SEARCH_PATHS = (
					"$(inherited)",
					"@executable_path/Frameworks",
				);
				MARKETING_VERSION = 1.0;
				PRODUCT_BUNDLE_IDENTIFIER = com.yl.Redbook;
				PRODUCT_NAME = "$(TARGET_NAME)";
				SWIFT_EMIT_LOC_STRINGS = YES;
				SWIFT_VERSION = 5.0;
				TARGETED_DEVICE_FAMILY = "1,2";
			};
			name = Release;
		};
/* End XCBuildConfiguration section */

/* Begin XCConfigurationList section */
		7999439D27FBEAF200418AF3 /* Build configuration list for PBXProject "Redbook" */ = {
			isa = XCConfigurationList;
			buildConfigurations = (
				799943AE27FBEAF300418AF3 /* Debug */,
				799943AF27FBEAF300418AF3 /* Release */,
			);
			defaultConfigurationIsVisible = 0;
			defaultConfigurationName = Release;
		};
		799943B027FBEAF300418AF3 /* Build configuration list for PBXNativeTarget "Redbook" */ = {
			isa = XCConfigurationList;
			buildConfigurations = (
				799943B127FBEAF300418AF3 /* Debug */,
				799943B227FBEAF300418AF3 /* Release */,
			);
			defaultConfigurationIsVisible = 0;
			defaultConfigurationName = Release;
		};
/* End XCConfigurationList section */
	};
	rootObject = 7999439A27FBEAF200418AF3 /* Project object */;
}
